
Microsoft Visual Studio Solution File, Format Version 10.00
# Visual Studio 2008
Project("{FAE04EC0-301F-11D3-BF4B-00C04F79EFBC}") = "API1.0", "..\..\Platform\TickZoomAPI1.0\API1.0.csproj", "{27D6C88D-52B6-432C-820B-CD38A299830C}"
EndProject
Project("{FAE04EC0-301F-11D3-BF4B-00C04F79EFBC}") = "ProviderUtilTests", "..\Common\ProviderUtilTests\ProviderUtilTests.csproj", "{FC143137-365B-420B-8832-FC8AE61EEC1C}"
EndProject
Project("{FAE04EC0-301F-11D3-BF4B-00C04F79EFBC}") = "MBTFIXProvider", "MBTFIXProvider\MBTFIXProvider.csproj", "{6D1A9B7C-00EB-4F5F-AB65-A50E161AD84A}"
EndProject
Project("{FAE04EC0-301F-11D3-BF4B-00C04F79EFBC}") = "MBTFIXTests", "MBTFIXTests\MBTFIXTests.csproj", "{2D25D6A7-2A7F-4DB1-9F29-88282F8CC5E2}"
EndProject
Project("{FAE04EC0-301F-11D3-BF4B-00C04F79EFBC}") = "ProviderUtil", "..\Common\ProviderUtil\ProviderUtil.csproj", "{00E10E7D-4270-448C-921C-72A795FBF13F}"
EndProject
Project("{FAE04EC0-301F-11D3-BF4B-00C04F79EFBC}") = "Common", "..\..\Platform\TickZoomCommon\Common.csproj", "{3272A53F-7A88-4A5B-BBCA-1C3A9EA2E21F}"
EndProject
Global
	GlobalSection(SolutionConfigurationPlatforms) = preSolution
		Debug|Any CPU = Debug|Any CPU
		Debug|Mixed Platforms = Debug|Mixed Platforms
		Obfuscate|Any CPU = Obfuscate|Any CPU
		Obfuscate|Mixed Platforms = Obfuscate|Mixed Platforms
		Release|Any CPU = Release|Any CPU
		Release|Mixed Platforms = Release|Mixed Platforms
	EndGlobalSection
	GlobalSection(ProjectConfigurationPlatforms) = postSolution
		{27D6C88D-52B6-432C-820B-CD38A299830C}.Debug|Any CPU.ActiveCfg = Debug|Any CPU
		{27D6C88D-52B6-432C-820B-CD38A299830C}.Debug|Any CPU.Build.0 = Debug|Any CPU
		{27D6C88D-52B6-432C-820B-CD38A299830C}.Debug|Mixed Platforms.ActiveCfg = Debug|Any CPU
		{27D6C88D-52B6-432C-820B-CD38A299830C}.Debug|Mixed Platforms.Build.0 = Debug|Any CPU
		{27D6C88D-52B6-432C-820B-CD38A299830C}.Obfuscate|Any CPU.ActiveCfg = Obfuscate|Any CPU
		{27D6C88D-52B6-432C-820B-CD38A299830C}.Obfuscate|Any CPU.Build.0 = Obfuscate|Any CPU
		{27D6C88D-52B6-432C-820B-CD38A299830C}.Obfuscate|Mixed Platforms.ActiveCfg = Obfuscate|Any CPU
		{27D6C88D-52B6-432C-820B-CD38A299830C}.Obfuscate|Mixed Platforms.Build.0 = Obfuscate|Any CPU
		{27D6C88D-52B6-432C-820B-CD38A299830C}.Release|Any CPU.ActiveCfg = Release|Any CPU
		{27D6C88D-52B6-432C-820B-CD38A299830C}.Release|Any CPU.Build.0 = Release|Any CPU
		{27D6C88D-52B6-432C-820B-CD38A299830C}.Release|Mixed Platforms.ActiveCfg = Release|Any CPU
		{27D6C88D-52B6-432C-820B-CD38A299830C}.Release|Mixed Platforms.Build.0 = Release|Any CPU
		{FC143137-365B-420B-8832-FC8AE61EEC1C}.Debug|Any CPU.ActiveCfg = Debug|x86
		{FC143137-365B-420B-8832-FC8AE61EEC1C}.Debug|Any CPU.Build.0 = Debug|x86
		{FC143137-365B-420B-8832-FC8AE61EEC1C}.Debug|Mixed Platforms.ActiveCfg = Debug|x86
		{FC143137-365B-420B-8832-FC8AE61EEC1C}.Debug|Mixed Platforms.Build.0 = Debug|x86
		{FC143137-365B-420B-8832-FC8AE61EEC1C}.Obfuscate|Any CPU.ActiveCfg = Release|x86
		{FC143137-365B-420B-8832-FC8AE61EEC1C}.Obfuscate|Mixed Platforms.ActiveCfg = Release|x86
		{FC143137-365B-420B-8832-FC8AE61EEC1C}.Obfuscate|Mixed Platforms.Build.0 = Release|x86
		{FC143137-365B-420B-8832-FC8AE61EEC1C}.Release|Any CPU.ActiveCfg = Release|x86
		{FC143137-365B-420B-8832-FC8AE61EEC1C}.Release|Any CPU.Build.0 = Release|x86
		{FC143137-365B-420B-8832-FC8AE61EEC1C}.Release|Mixed Platforms.ActiveCfg = Release|x86
		{FC143137-365B-420B-8832-FC8AE61EEC1C}.Release|Mixed Platforms.Build.0 = Release|x86
		{6D1A9B7C-00EB-4F5F-AB65-A50E161AD84A}.Debug|Any CPU.ActiveCfg = Debug|Any CPU
		{6D1A9B7C-00EB-4F5F-AB65-A50E161AD84A}.Debug|Any CPU.Build.0 = Debug|Any CPU
		{6D1A9B7C-00EB-4F5F-AB65-A50E161AD84A}.Debug|Mixed Platforms.ActiveCfg = Debug|Any CPU
		{6D1A9B7C-00EB-4F5F-AB65-A50E161AD84A}.Debug|Mixed Platforms.Build.0 = Debug|Any CPU
		{6D1A9B7C-00EB-4F5F-AB65-A50E161AD84A}.Obfuscate|Any CPU.ActiveCfg = Release|Any CPU
		{6D1A9B7C-00EB-4F5F-AB65-A50E161AD84A}.Obfuscate|Any CPU.Build.0 = Release|Any CPU
		{6D1A9B7C-00EB-4F5F-AB65-A50E161AD84A}.Obfuscate|Mixed Platforms.ActiveCfg = Release|Any CPU
		{6D1A9B7C-00EB-4F5F-AB65-A50E161AD84A}.Obfuscate|Mixed Platforms.Build.0 = Release|Any CPU
		{6D1A9B7C-00EB-4F5F-AB65-A50E161AD84A}.Release|Any CPU.ActiveCfg = Release|Any CPU
		{6D1A9B7C-00EB-4F5F-AB65-A50E161AD84A}.Release|Any CPU.Build.0 = Release|Any CPU
		{6D1A9B7C-00EB-4F5F-AB65-A50E161AD84A}.Release|Mixed Platforms.ActiveCfg = Release|Any CPU
		{6D1A9B7C-00EB-4F5F-AB65-A50E161AD84A}.Release|Mixed Platforms.Build.0 = Release|Any CPU
		{2D25D6A7-2A7F-4DB1-9F29-88282F8CC5E2}.Debug|Any CPU.ActiveCfg = Debug|Any CPU
		{2D25D6A7-2A7F-4DB1-9F29-88282F8CC5E2}.Debug|Any CPU.Build.0 = Debug|Any CPU
		{2D25D6A7-2A7F-4DB1-9F29-88282F8CC5E2}.Debug|Mixed Platforms.ActiveCfg = Debug|Any CPU
		{2D25D6A7-2A7F-4DB1-9F29-88282F8CC5E2}.Debug|Mixed Platforms.Build.0 = Debug|Any CPU
		{2D25D6A7-2A7F-4DB1-9F29-88282F8CC5E2}.Obfuscate|Any CPU.ActiveCfg = Release|Any CPU
		{2D25D6A7-2A7F-4DB1-9F29-88282F8CC5E2}.Obfuscate|Any CPU.Build.0 = Release|Any CPU
		{2D25D6A7-2A7F-4DB1-9F29-88282F8CC5E2}.Obfuscate|Mixed Platforms.ActiveCfg = Release|Any CPU
		{2D25D6A7-2A7F-4DB1-9F29-88282F8CC5E2}.Obfuscate|Mixed Platforms.Build.0 = Release|Any CPU
		{2D25D6A7-2A7F-4DB1-9F29-88282F8CC5E2}.Release|Any CPU.ActiveCfg = Release|Any CPU
		{2D25D6A7-2A7F-4DB1-9F29-88282F8CC5E2}.Release|Any CPU.Build.0 = Release|Any CPU
		{2D25D6A7-2A7F-4DB1-9F29-88282F8CC5E2}.Release|Mixed Platforms.ActiveCfg = Release|Any CPU
		{2D25D6A7-2A7F-4DB1-9F29-88282F8CC5E2}.Release|Mixed Platforms.Build.0 = Release|Any CPU
		{00E10E7D-4270-448C-921C-72A795FBF13F}.Debug|Any CPU.ActiveCfg = Debug|x86
		{00E10E7D-4270-448C-921C-72A795FBF13F}.Debug|Any CPU.Build.0 = Debug|x86
		{00E10E7D-4270-448C-921C-72A795FBF13F}.Debug|Mixed Platforms.ActiveCfg = Debug|x86
		{00E10E7D-4270-448C-921C-72A795FBF13F}.Debug|Mixed Platforms.Build.0 = Debug|x86
		{00E10E7D-4270-448C-921C-72A795FBF13F}.Obfuscate|Any CPU.ActiveCfg = Release|x86
		{00E10E7D-4270-448C-921C-72A795FBF13F}.Obfuscate|Mixed Platforms.ActiveCfg = Release|x86
		{00E10E7D-4270-448C-921C-72A795FBF13F}.Obfuscate|Mixed Platforms.Build.0 = Release|x86
		{00E10E7D-4270-448C-921C-72A795FBF13F}.Release|Any CPU.ActiveCfg = Release|x86
		{00E10E7D-4270-448C-921C-72A795FBF13F}.Release|Any CPU.Build.0 = Release|x86
		{00E10E7D-4270-448C-921C-72A795FBF13F}.Release|Mixed Platforms.ActiveCfg = Release|x86
		{00E10E7D-4270-448C-921C-72A795FBF13F}.Release|Mixed Platforms.Build.0 = Release|x86
		{3272A53F-7A88-4A5B-BBCA-1C3A9EA2E21F}.Debug|Any CPU.ActiveCfg = Debug|Any CPU
		{3272A53F-7A88-4A5B-BBCA-1C3A9EA2E21F}.Debug|Any CPU.Build.0 = Debug|Any CPU
		{3272A53F-7A88-4A5B-BBCA-1C3A9EA2E21F}.Debug|Mixed Platforms.ActiveCfg = Debug|Any CPU
		{3272A53F-7A88-4A5B-BBCA-1C3A9EA2E21F}.Debug|Mixed Platforms.Build.0 = Debug|Any CPU
		{3272A53F-7A88-4A5B-BBCA-1C3A9EA2E21F}.Obfuscate|Any CPU.ActiveCfg = Obfuscate|Any CPU
		{3272A53F-7A88-4A5B-BBCA-1C3A9EA2E21F}.Obfuscate|Any CPU.Build.0 = Obfuscate|Any CPU
		{3272A53F-7A88-4A5B-BBCA-1C3A9EA2E21F}.Obfuscate|Mixed Platforms.ActiveCfg = Obfuscate|Any CPU
		{3272A53F-7A88-4A5B-BBCA-1C3A9EA2E21F}.Obfuscate|Mixed Platforms.Build.0 = Obfuscate|Any CPU
		{3272A53F-7A88-4A5B-BBCA-1C3A9EA2E21F}.Release|Any CPU.ActiveCfg = Release|Any CPU
		{3272A53F-7A88-4A5B-BBCA-1C3A9EA2E21F}.Release|Any CPU.Build.0 = Release|Any CPU
		{3272A53F-7A88-4A5B-BBCA-1C3A9EA2E21F}.Release|Mixed Platforms.ActiveCfg = Release|Any CPU
		{3272A53F-7A88-4A5B-BBCA-1C3A9EA2E21F}.Release|Mixed Platforms.Build.0 = Release|Any CPU
	EndGlobalSection
	GlobalSection(SolutionProperties) = preSolution
		HideSolutionNode = FALSE
	EndGlobalSection
EndGlobal
